// !$*UTF8*$!
{
	archiveVersion = 1;
	classes = {
	};
	objectVersion = 50;
	objects = {

/* Begin PBXBuildFile section */
		286FD075257F739800F080B8 /* AppDelegate.swift in Sources */ = {isa = PBXBuildFile; fileRef = 286FD074257F739800F080B8 /* AppDelegate.swift */; };
		286FD077257F739800F080B8 /* SceneDelegate.swift in Sources */ = {isa = PBXBuildFile; fileRef = 286FD076257F739800F080B8 /* SceneDelegate.swift */; };
		286FD079257F739800F080B8 /* ViewController.swift in Sources */ = {isa = PBXBuildFile; fileRef = 286FD078257F739800F080B8 /* ViewController.swift */; };
		286FD07C257F739800F080B8 /* Main.storyboard in Resources */ = {isa = PBXBuildFile; fileRef = 286FD07A257F739800F080B8 /* Main.storyboard */; };
		286FD07E257F739A00F080B8 /* Assets.xcassets in Resources */ = {isa = PBXBuildFile; fileRef = 286FD07D257F739A00F080B8 /* Assets.xcassets */; };
		286FD081257F739A00F080B8 /* LaunchScreen.storyboard in Resources */ = {isa = PBXBuildFile; fileRef = 286FD07F257F739A00F080B8 /* LaunchScreen.storyboard */; };
		286FD08A257F73D300F080B8 /* ASFSharedViewTransition.swift in Sources */ = {isa = PBXBuildFile; fileRef = 286FD089257F73D300F080B8 /* ASFSharedViewTransition.swift */; };
		28ADFEC12580B3F500C3C2A0 /* DetailViewController.swift in Sources */ = {isa = PBXBuildFile; fileRef = 28ADFEC02580B3F500C3C2A0 /* DetailViewController.swift */; };
		28ADFECE2580C3FE00C3C2A0 /* nature1.jpg in Resources */ = {isa = PBXBuildFile; fileRef = 28ADFEC62580C3FE00C3C2A0 /* nature1.jpg */; };
		28ADFECF2580C3FE00C3C2A0 /* nature8.jpg in Resources */ = {isa = PBXBuildFile; fileRef = 28ADFEC72580C3FE00C3C2A0 /* nature8.jpg */; };
		28ADFED02580C3FE00C3C2A0 /* nature7.jpg in Resources */ = {isa = PBXBuildFile; fileRef = 28ADFEC82580C3FE00C3C2A0 /* nature7.jpg */; };
		28ADFED12580C3FE00C3C2A0 /* nature3.jpg in Resources */ = {isa = PBXBuildFile; fileRef = 28ADFEC92580C3FE00C3C2A0 /* nature3.jpg */; };
		28ADFED22580C3FE00C3C2A0 /* nature4.jpg in Resources */ = {isa = PBXBuildFile; fileRef = 28ADFECA2580C3FE00C3C2A0 /* nature4.jpg */; };
		28ADFED32580C3FE00C3C2A0 /* nature5.jpg in Resources */ = {isa = PBXBuildFile; fileRef = 28ADFECB2580C3FE00C3C2A0 /* nature5.jpg */; };
		28ADFED42580C3FE00C3C2A0 /* nature6.jpg in Resources */ = {isa = PBXBuildFile; fileRef = 28ADFECC2580C3FE00C3C2A0 /* nature6.jpg */; };
		28ADFED52580C3FE00C3C2A0 /* nature2.jpg in Resources */ = {isa = PBXBuildFile; fileRef = 28ADFECD2580C3FE00C3C2A0 /* nature2.jpg */; };
		28ADFEDD2580C9E200C3C2A0 /* CollectionViewCell.swift in Sources */ = {isa = PBXBuildFile; fileRef = 28ADFEDC2580C9E200C3C2A0 /* CollectionViewCell.swift */; };
/* End PBXBuildFile section */

/* Begin PBXFileReference section */
		286FD071257F739800F080B8 /* iOSSharedViewTransition.app */ = {isa = PBXFileReference; explicitFileType = wrapper.application; includeInIndex = 0; path = iOSSharedViewTransition.app; sourceTree = BUILT_PRODUCTS_DIR; };
		286FD074257F739800F080B8 /* AppDelegate.swift */ = {isa = PBXFileReference; lastKnownFileType = sourcecode.swift; path = AppDelegate.swift; sourceTree = "<group>"; };
		286FD076257F739800F080B8 /* SceneDelegate.swift */ = {isa = PBXFileReference; lastKnownFileType = sourcecode.swift; path = SceneDelegate.swift; sourceTree = "<group>"; };
		286FD078257F739800F080B8 /* ViewController.swift */ = {isa = PBXFileReference; lastKnownFileType = sourcecode.swift; path = ViewController.swift; sourceTree = "<group>"; };
		286FD07B257F739800F080B8 /* Base */ = {isa = PBXFileReference; lastKnownFileType = file.storyboard; name = Base; path = Base.lproj/Main.storyboard; sourceTree = "<group>"; };
		286FD07D257F739A00F080B8 /* Assets.xcassets */ = {isa = PBXFileReference; lastKnownFileType = folder.assetcatalog; path = Assets.xcassets; sourceTree = "<group>"; };
		286FD080257F739A00F080B8 /* Base */ = {isa = PBXFileReference; lastKnownFileType = file.storyboard; name = Base; path = Base.lproj/LaunchScreen.storyboard; sourceTree = "<group>"; };
		286FD082257F739A00F080B8 /* Info.plist */ = {isa = PBXFileReference; lastKnownFileType = text.plist.xml; path = Info.plist; sourceTree = "<group>"; };
		286FD089257F73D300F080B8 /* ASFSharedViewTransition.swift */ = {isa = PBXFileReference; lastKnownFileType = sourcecode.swift; path = ASFSharedViewTransition.swift; sourceTree = "<group>"; };
		28ADFEC02580B3F500C3C2A0 /* DetailViewController.swift */ = {isa = PBXFileReference; lastKnownFileType = sourcecode.swift; path = DetailViewController.swift; sourceTree = "<group>"; };
		28ADFEC62580C3FE00C3C2A0 /* nature1.jpg */ = {isa = PBXFileReference; lastKnownFileType = image.jpeg; path = nature1.jpg; sourceTree = "<group>"; };
		28ADFEC72580C3FE00C3C2A0 /* nature8.jpg */ = {isa = PBXFileReference; lastKnownFileType = image.jpeg; path = nature8.jpg; sourceTree = "<group>"; };
		28ADFEC82580C3FE00C3C2A0 /* nature7.jpg */ = {isa = PBXFileReference; lastKnownFileType = image.jpeg; path = nature7.jpg; sourceTree = "<group>"; };
		28ADFEC92580C3FE00C3C2A0 /* nature3.jpg */ = {isa = PBXFileReference; lastKnownFileType = image.jpeg; path = nature3.jpg; sourceTree = "<group>"; };
		28ADFECA2580C3FE00C3C2A0 /* nature4.jpg */ = {isa = PBXFileReference; lastKnownFileType = image.jpeg; path = nature4.jpg; sourceTree = "<group>"; };
		28ADFECB2580C3FE00C3C2A0 /* nature5.jpg */ = {isa = PBXFileReference; lastKnownFileType = image.jpeg; path = nature5.jpg; sourceTree = "<group>"; };
		28ADFECC2580C3FE00C3C2A0 /* nature6.jpg */ = {isa = PBXFileReference; lastKnownFileType = image.jpeg; path = nature6.jpg; sourceTree = "<group>"; };
		28ADFECD2580C3FE00C3C2A0 /* nature2.jpg */ = {isa = PBXFileReference; lastKnownFileType = image.jpeg; path = nature2.jpg; sourceTree = "<group>"; };
		28ADFEDC2580C9E200C3C2A0 /* CollectionViewCell.swift */ = {isa = PBXFileReference; lastKnownFileType = sourcecode.swift; path = CollectionViewCell.swift; sourceTree = "<group>"; };
/* End PBXFileReference section */

/* Begin PBXFrameworksBuildPhase section */
		286FD06E257F739800F080B8 /* Frameworks */ = {
			isa = PBXFrameworksBuildPhase;
			buildActionMask = 2147483647;
			files = (
			);
			runOnlyForDeploymentPostprocessing = 0;
		};
/* End PBXFrameworksBuildPhase section */

/* Begin PBXGroup section */
		286FD068257F739800F080B8 = {
			isa = PBXGroup;
			children = (
				286FD073257F739800F080B8 /* iOSSharedViewTransition */,
				286FD072257F739800F080B8 /* Products */,
			);
			sourceTree = "<group>";
		};
		286FD072257F739800F080B8 /* Products */ = {
			isa = PBXGroup;
			children = (
				286FD071257F739800F080B8 /* iOSSharedViewTransition.app */,
			);
			name = Products;
			sourceTree = "<group>";
		};
		286FD073257F739800F080B8 /* iOSSharedViewTransition */ = {
			isa = PBXGroup;
			children = (
				286FD074257F739800F080B8 /* AppDelegate.swift */,
				286FD076257F739800F080B8 /* SceneDelegate.swift */,
				28ADFEDC2580C9E200C3C2A0 /* CollectionViewCell.swift */,
				286FD078257F739800F080B8 /* ViewController.swift */,
				28ADFEC02580B3F500C3C2A0 /* DetailViewController.swift */,
				286FD07A257F739800F080B8 /* Main.storyboard */,
				286FD07D257F739A00F080B8 /* Assets.xcassets */,
				286FD07F257F739A00F080B8 /* LaunchScreen.storyboard */,
				286FD082257F739A00F080B8 /* Info.plist */,
				28ADFEC52580C3E500C3C2A0 /* Images */,
				286FD08C257F73DC00F080B8 /* ASF Framework */,
			);
			path = iOSSharedViewTransition;
			sourceTree = "<group>";
		};
		286FD08C257F73DC00F080B8 /* ASF Framework */ = {
			isa = PBXGroup;
			children = (
				286FD089257F73D300F080B8 /* ASFSharedViewTransition.swift */,
			);
			path = "ASF Framework";
			sourceTree = "<group>";
		};
		28ADFEC52580C3E500C3C2A0 /* Images */ = {
			isa = PBXGroup;
			children = (
				28ADFEC62580C3FE00C3C2A0 /* nature1.jpg */,
				28ADFECD2580C3FE00C3C2A0 /* nature2.jpg */,
				28ADFEC92580C3FE00C3C2A0 /* nature3.jpg */,
				28ADFECA2580C3FE00C3C2A0 /* nature4.jpg */,
				28ADFECB2580C3FE00C3C2A0 /* nature5.jpg */,
				28ADFECC2580C3FE00C3C2A0 /* nature6.jpg */,
				28ADFEC82580C3FE00C3C2A0 /* nature7.jpg */,
				28ADFEC72580C3FE00C3C2A0 /* nature8.jpg */,
			);
			path = Images;
			sourceTree = "<group>";
		};
/* End PBXGroup section */

/* Begin PBXNativeTarget section */
		286FD070257F739800F080B8 /* iOSSharedViewTransition */ = {
			isa = PBXNativeTarget;
			buildConfigurationList = 286FD085257F739A00F080B8 /* Build configuration list for PBXNativeTarget "iOSSharedViewTransition" */;
			buildPhases = (
				286FD06D257F739800F080B8 /* Sources */,
				286FD06E257F739800F080B8 /* Frameworks */,
				286FD06F257F739800F080B8 /* Resources */,
			);
			buildRules = (
			);
			dependencies = (
			);
			name = iOSSharedViewTransition;
			productName = iOSSharedViewTransition;
			productReference = 286FD071257F739800F080B8 /* iOSSharedViewTransition.app */;
			productType = "com.apple.product-type.application";
		};
/* End PBXNativeTarget section */

/* Begin PBXProject section */
		286FD069257F739800F080B8 /* Project object */ = {
			isa = PBXProject;
			attributes = {
				LastSwiftUpdateCheck = 1220;
				LastUpgradeCheck = 1220;
				TargetAttributes = {
					286FD070257F739800F080B8 = {
						CreatedOnToolsVersion = 12.2;
					};
				};
			};
			buildConfigurationList = 286FD06C257F739800F080B8 /* Build configuration list for PBXProject "iOSSharedViewTransition" */;
			compatibilityVersion = "Xcode 9.3";
			developmentRegion = en;
			hasScannedForEncodings = 0;
			knownRegions = (
				en,
				Base,
			);
			mainGroup = 286FD068257F739800F080B8;
			productRefGroup = 286FD072257F739800F080B8 /* Products */;
			projectDirPath = "";
			projectRoot = "";
			targets = (
				286FD070257F739800F080B8 /* iOSSharedViewTransition */,
			);
		};
/* End PBXProject section */

/* Begin PBXResourcesBuildPhase section */
		286FD06F257F739800F080B8 /* Resources */ = {
			isa = PBXResourcesBuildPhase;
			buildActionMask = 2147483647;
			files = (
				28ADFED12580C3FE00C3C2A0 /* nature3.jpg in Resources */,
				28ADFECF2580C3FE00C3C2A0 /* nature8.jpg in Resources */,
				28ADFED52580C3FE00C3C2A0 /* nature2.jpg in Resources */,
				286FD081257F739A00F080B8 /* LaunchScreen.storyboard in Resources */,
				286FD07E257F739A00F080B8 /* Assets.xcassets in Resources */,
				28ADFECE2580C3FE00C3C2A0 /* nature1.jpg in Resources */,
				28ADFED22580C3FE00C3C2A0 /* nature4.jpg in Resources */,
				28ADFED02580C3FE00C3C2A0 /* nature7.jpg in Resources */,
				28ADFED42580C3FE00C3C2A0 /* nature6.jpg in Resources */,
				28ADFED32580C3FE00C3C2A0 /* nature5.jpg in Resources */,
				286FD07C257F739800F080B8 /* Main.storyboard in Resources */,
			);
			runOnlyForDeploymentPostprocessing = 0;
		};
/* End PBXResourcesBuildPhase section */

/* Begin PBXSourcesBuildPhase section */
		286FD06D257F739800F080B8 /* Sources */ = {
			isa = PBXSourcesBuildPhase;
			buildActionMask = 2147483647;
			files = (
				286FD079257F739800F080B8 /* ViewController.swift in Sources */,
				286FD075257F739800F080B8 /* AppDelegate.swift in Sources */,
				28ADFEDD2580C9E200C3C2A0 /* CollectionViewCell.swift in Sources */,
				28ADFEC12580B3F500C3C2A0 /* DetailViewController.swift in Sources */,
				286FD077257F739800F080B8 /* SceneDelegate.swift in Sources */,
				286FD08A257F73D300F080B8 /* ASFSharedViewTransition.swift in Sources */,
			);
			runOnlyForDeploymentPostprocessing = 0;
		};
/* End PBXSourcesBuildPhase section */

/* Begin PBXVariantGroup section */
		286FD07A257F739800F080B8 /* Main.storyboard */ = {
			isa = PBXVariantGroup;
			children = (
				286FD07B257F739800F080B8 /* Base */,
			);
			name = Main.storyboard;
			sourceTree = "<group>";
		};
		286FD07F257F739A00F080B8 /* LaunchScreen.storyboard */ = {
			isa = PBXVariantGroup;
			children = (
				286FD080257F739A00F080B8 /* Base */,
			);
			name = LaunchScreen.storyboard;
			sourceTree = "<group>";
		};
/* End PBXVariantGroup section */

/* Begin XCBuildConfiguration section */
		286FD083257F739A00F080B8 /* Debug */ = {
			isa = XCBuildConfiguration;
			buildSettings = {
				ALWAYS_SEARCH_USER_PATHS = NO;
				CLANG_ANALYZER_NONNULL = YES;
				CLANG_ANALYZER_NUMBER_OBJECT_CONVERSION = YES_AGGRESSIVE;
				CLANG_CXX_LANGUAGE_STANDARD = "gnu++14";
				CLANG_CXX_LIBRARY = "libc++";
				CLANG_ENABLE_MODULES = YES;
				CLANG_ENABLE_OBJC_ARC = YES;
				CLANG_ENABLE_OBJC_WEAK = YES;
				CLANG_WARN_BLOCK_CAPTURE_AUTORELEASING = YES;
				CLANG_WARN_BOOL_CONVERSION = YES;
				CLANG_WARN_COMMA = YES;
				CLANG_WARN_CONSTANT_CONVERSION = YES;
				CLANG_WARN_DEPRECATED_OBJC_IMPLEMENTATIONS = YES;
				CLANG_WARN_DIRECT_OBJC_ISA_USAGE = YES_ERROR;
				CLANG_WARN_DOCUMENTATION_COMMENTS = YES;
				CLANG_WARN_EMPTY_BODY = YES;
				CLANG_WARN_ENUM_CONVERSION = YES;
				CLANG_WARN_INFINITE_RECURSION = YES;
				CLANG_WARN_INT_CONVERSION = YES;
				CLANG_WARN_NON_LITERAL_NULL_CONVERSION = YES;
				CLANG_WARN_OBJC_IMPLICIT_RETAIN_SELF = YES;
				CLANG_WARN_OBJC_LITERAL_CONVERSION = YES;
				CLANG_WARN_OBJC_ROOT_CLASS = YES_ERROR;
				CLANG_WARN_QUOTED_INCLUDE_IN_FRAMEWORK_HEADER = YES;
				CLANG_WARN_RANGE_LOOP_ANALYSIS = YES;
				CLANG_WARN_STRICT_PROTOTYPES = YES;
				CLANG_WARN_SUSPICIOUS_MOVE = YES;
				CLANG_WARN_UNGUARDED_AVAILABILITY = YES_AGGRESSIVE;
				CLANG_WARN_UNREACHABLE_CODE = YES;
				CLANG_WARN__DUPLICATE_METHOD_MATCH = YES;
				COPY_PHASE_STRIP = NO;
				DEBUG_INFORMATION_FORMAT = dwarf;
				ENABLE_STRICT_OBJC_MSGSEND = YES;
				ENABLE_TESTABILITY = YES;
				GCC_C_LANGUAGE_STANDARD = gnu11;
				GCC_DYNAMIC_NO_PIC = NO;
				GCC_NO_COMMON_BLOCKS = YES;
				GCC_OPTIMIZATION_LEVEL = 0;
				GCC_PREPROCESSOR_DEFINITIONS = (
					"DEBUG=1",
					"$(inherited)",
				);
				GCC_WARN_64_TO_32_BIT_CONVERSION = YES;
				GCC_WARN_ABOUT_RETURN_TYPE = YES_ERROR;
				GCC_WARN_UNDECLARED_SELECTOR = YES;
				GCC_WARN_UNINITIALIZED_AUTOS = YES_AGGRESSIVE;
				GCC_WARN_UNUSED_FUNCTION = YES;
				GCC_WARN_UNUSED_VARIABLE = YES;
				IPHONEOS_DEPLOYMENT_TARGET = 9.0;
				MTL_ENABLE_DEBUG_INFO = INCLUDE_SOURCE;
				MTL_FAST_MATH = YES;
				ONLY_ACTIVE_ARCH = YES;
				SDKROOT = iphoneos;
				SWIFT_ACTIVE_COMPILATION_CONDITIONS = DEBUG;
				SWIFT_OPTIMIZATION_LEVEL = "-Onone";
			};
			name = Debug;
		};
		286FD084257F739A00F080B8 /* Release */ = {
			isa = XCBuildConfiguration;
			buildSettings = {
				ALWAYS_SEARCH_USER_PATHS = NO;
				CLANG_ANALYZER_NONNULL = YES;
				CLANG_ANALYZER_NUMBER_OBJECT_CONVERSION = YES_AGGRESSIVE;
				CLANG_CXX_LANGUAGE_STANDARD = "gnu++14";
				CLANG_CXX_LIBRARY = "libc++";
				CLANG_ENABLE_MODULES = YES;
				CLANG_ENABLE_OBJC_ARC = YES;
				CLANG_ENABLE_OBJC_WEAK = YES;
				CLANG_WARN_BLOCK_CAPTURE_AUTORELEASING = YES;
				CLANG_WARN_BOOL_CONVERSION = YES;
				CLANG_WARN_COMMA = YES;
				CLANG_WARN_CONSTANT_CONVERSION = YES;
				CLANG_WARN_DEPRECATED_OBJC_IMPLEMENTATIONS = YES;
				CLANG_WARN_DIRECT_OBJC_ISA_USAGE = YES_ERROR;
				CLANG_WARN_DOCUMENTATION_COMMENTS = YES;
				CLANG_WARN_EMPTY_BODY = YES;
				CLANG_WARN_ENUM_CONVERSION = YES;
				CLANG_WARN_INFINITE_RECURSION = YES;
				CLANG_WARN_INT_CONVERSION = YES;
				CLANG_WARN_NON_LITERAL_NULL_CONVERSION = YES;
				CLANG_WARN_OBJC_IMPLICIT_RETAIN_SELF = YES;
				CLANG_WARN_OBJC_LITERAL_CONVERSION = YES;
				CLANG_WARN_OBJC_ROOT_CLASS = YES_ERROR;
				CLANG_WARN_QUOTED_INCLUDE_IN_FRAMEWORK_HEADER = YES;
				CLANG_WARN_RANGE_LOOP_ANALYSIS = YES;
				CLANG_WARN_STRICT_PROTOTYPES = YES;
				CLANG_WARN_SUSPICIOUS_MOVE = YES;
				CLANG_WARN_UNGUARDED_AVAILABILITY = YES_AGGRESSIVE;
				CLANG_WARN_UNREACHABLE_CODE = YES;
				CLANG_WARN__DUPLICATE_METHOD_MATCH = YES;
				COPY_PHASE_STRIP = NO;
				DEBUG_INFORMATION_FORMAT = "dwarf-with-dsym";
				ENABLE_NS_ASSERTIONS = NO;
				ENABLE_STRICT_OBJC_MSGSEND = YES;
				GCC_C_LANGUAGE_STANDARD = gnu11;
				GCC_NO_COMMON_BLOCKS = YES;
				GCC_WARN_64_TO_32_BIT_CONVERSION = YES;
				GCC_WARN_ABOUT_RETURN_TYPE = YES_ERROR;
				GCC_WARN_UNDECLARED_SELECTOR = YES;
				GCC_WARN_UNINITIALIZED_AUTOS = YES_AGGRESSIVE;
				GCC_WARN_UNUSED_FUNCTION = YES;
				GCC_WARN_UNUSED_VARIABLE = YES;
				IPHONEOS_DEPLOYMENT_TARGET = 9.0;
				MTL_ENABLE_DEBUG_INFO = NO;
				MTL_FAST_MATH = YES;
				SDKROOT = iphoneos;
				SWIFT_COMPILATION_MODE = wholemodule;
				SWIFT_OPTIMIZATION_LEVEL = "-O";
				VALIDATE_PRODUCT = YES;
			};
			name = Release;
		};
		286FD086257F739A00F080B8 /* Debug */ = {
			isa = XCBuildConfiguration;
			buildSettings = {
				ASSETCATALOG_COMPILER_APPICON_NAME = AppIcon;
				ASSETCATALOG_COMPILER_GLOBAL_ACCENT_COLOR_NAME = AccentColor;
				CODE_SIGN_STYLE = Automatic;
				DEVELOPMENT_TEAM = 6T8ZJ7M7C9;
				INFOPLIST_FILE = iOSSharedViewTransition/Info.plist;
				IPHONEOS_DEPLOYMENT_TARGET = 9.0;
				LD_RUNPATH_SEARCH_PATHS = (
					"$(inherited)",
					"@executable_path/Frameworks",
				);
				PRODUCT_BUNDLE_IDENTIFIER = cloudapper.iOSSharedViewTransition;
				PRODUCT_NAME = "$(TARGET_NAME)";
				SWIFT_VERSION = 5.0;
				TARGETED_DEVICE_FAMILY = "1,2";
			};
			name = Debug;
		};
		286FD087257F739A00F080B8 /* Release */ = {
			isa = XCBuildConfiguration;
			buildSettings = {
				ASSETCATALOG_COMPILER_APPICON_NAME = AppIcon;
				ASSETCATALOG_COMPILER_GLOBAL_ACCENT_COLOR_NAME = AccentColor;
				CODE_SIGN_STYLE = Automatic;
				DEVELOPMENT_TEAM = 6T8ZJ7M7C9;
				INFOPLIST_FILE = iOSSharedViewTransition/Info.plist;
				IPHONEOS_DEPLOYMENT_TARGET = 9.0;
				LD_RUNPATH_SEARCH_PATHS = (
					"$(inherited)",
					"@executable_path/Frameworks",
				);
				PRODUCT_BUNDLE_IDENTIFIER = cloudapper.iOSSharedViewTransition;
				PRODUCT_NAME = "$(TARGET_NAME)";
				SWIFT_VERSION = 5.0;
				TARGETED_DEVICE_FAMILY = "1,2";
			};
			name = Release;
		};
/* End XCBuildConfiguration section */

/* Begin XCConfigurationList section */
		286FD06C257F739800F080B8 /* Build configuration list for PBXProject "iOSSharedViewTransition" */ = {
			isa = XCConfigurationList;
			buildConfigurations = (
				286FD083257F739A00F080B8 /* Debug */,
				286FD084257F739A00F080B8 /* Release */,
			);
			defaultConfigurationIsVisible = 0;
			defaultConfigurationName = Release;
		};
		286FD085257F739A00F080B8 /* Build configuration list for PBXNativeTarget "iOSSharedViewTransition" */ = {
			isa = XCConfigurationList;
			buildConfigurations = (
				286FD086257F739A00F080B8 /* Debug */,
				286FD087257F739A00F080B8 /* Release */,
			);
			defaultConfigurationIsVisible = 0;
			defaultConfigurationName = Release;
		};
/* End XCConfigurationList section */
	};
	rootObject = 286FD069257F739800F080B8 /* Project object */;
}
